// !$*UTF8*$!
{
	archiveVersion = 1;
	classes = {
	};
	objectVersion = 56;
	objects = {

/* Begin PBXBuildFile section */
		F36CC74129D444CF00ECFFFF /* AppDelegate.swift in Sources */ = {isa = PBXBuildFile; fileRef = F36CC74029D444CF00ECFFFF /* AppDelegate.swift */; };
		F36CC74329D444CF00ECFFFF /* SceneDelegate.swift in Sources */ = {isa = PBXBuildFile; fileRef = F36CC74229D444CF00ECFFFF /* SceneDelegate.swift */; };
		F36CC74529D444CF00ECFFFF /* ListOfTasksView.swift in Sources */ = {isa = PBXBuildFile; fileRef = F36CC74429D444CF00ECFFFF /* ListOfTasksView.swift */; };
		F36CC74829D444CF00ECFFFF /* Main.storyboard in Resources */ = {isa = PBXBuildFile; fileRef = F36CC74629D444CF00ECFFFF /* Main.storyboard */; };
		F36CC74A29D444D100ECFFFF /* Assets.xcassets in Resources */ = {isa = PBXBuildFile; fileRef = F36CC74929D444D100ECFFFF /* Assets.xcassets */; };
		F36CC74D29D444D100ECFFFF /* LaunchScreen.storyboard in Resources */ = {isa = PBXBuildFile; fileRef = F36CC74B29D444D100ECFFFF /* LaunchScreen.storyboard */; };
		F3C1C72929D782C80018F1ED /* Task.swift in Sources */ = {isa = PBXBuildFile; fileRef = F3C1C72829D782C80018F1ED /* Task.swift */; };
		F3C1C72B29D783840018F1ED /* TaskDatabase.swift in Sources */ = {isa = PBXBuildFile; fileRef = F3C1C72A29D783840018F1ED /* TaskDatabase.swift */; };
		F3C1C72D29D786820018F1ED /* TaskPresenter.swift in Sources */ = {isa = PBXBuildFile; fileRef = F3C1C72C29D786820018F1ED /* TaskPresenter.swift */; };
		F3C1C72F29D7997C0018F1ED /* TaskCollectionViewCell.swift in Sources */ = {isa = PBXBuildFile; fileRef = F3C1C72E29D7997C0018F1ED /* TaskCollectionViewCell.swift */; };
/* End PBXBuildFile section */

/* Begin PBXFileReference section */
		F36CC73D29D444CF00ECFFFF /* Architecture_MVP.app */ = {isa = PBXFileReference; explicitFileType = wrapper.application; includeInIndex = 0; path = Architecture_MVP.app; sourceTree = BUILT_PRODUCTS_DIR; };
		F36CC74029D444CF00ECFFFF /* AppDelegate.swift */ = {isa = PBXFileReference; lastKnownFileType = sourcecode.swift; path = AppDelegate.swift; sourceTree = "<group>"; };
		F36CC74229D444CF00ECFFFF /* SceneDelegate.swift */ = {isa = PBXFileReference; lastKnownFileType = sourcecode.swift; path = SceneDelegate.swift; sourceTree = "<group>"; };
		F36CC74429D444CF00ECFFFF /* ListOfTasksView.swift */ = {isa = PBXFileReference; lastKnownFileType = sourcecode.swift; path = ListOfTasksView.swift; sourceTree = "<group>"; };
		F36CC74729D444CF00ECFFFF /* Base */ = {isa = PBXFileReference; lastKnownFileType = file.storyboard; name = Base; path = Base.lproj/Main.storyboard; sourceTree = "<group>"; };
		F36CC74929D444D100ECFFFF /* Assets.xcassets */ = {isa = PBXFileReference; lastKnownFileType = folder.assetcatalog; path = Assets.xcassets; sourceTree = "<group>"; };
		F36CC74C29D444D100ECFFFF /* Base */ = {isa = PBXFileReference; lastKnownFileType = file.storyboard; name = Base; path = Base.lproj/LaunchScreen.storyboard; sourceTree = "<group>"; };
		F36CC74E29D444D100ECFFFF /* Info.plist */ = {isa = PBXFileReference; lastKnownFileType = text.plist.xml; path = Info.plist; sourceTree = "<group>"; };
		F3C1C72829D782C80018F1ED /* Task.swift */ = {isa = PBXFileReference; lastKnownFileType = sourcecode.swift; path = Task.swift; sourceTree = "<group>"; };
		F3C1C72A29D783840018F1ED /* TaskDatabase.swift */ = {isa = PBXFileReference; lastKnownFileType = sourcecode.swift; path = TaskDatabase.swift; sourceTree = "<group>"; };
		F3C1C72C29D786820018F1ED /* TaskPresenter.swift */ = {isa = PBXFileReference; lastKnownFileType = sourcecode.swift; path = TaskPresenter.swift; sourceTree = "<group>"; };
		F3C1C72E29D7997C0018F1ED /* TaskCollectionViewCell.swift */ = {isa = PBXFileReference; lastKnownFileType = sourcecode.swift; path = TaskCollectionViewCell.swift; sourceTree = "<group>"; };
/* End PBXFileReference section */

/* Begin PBXFrameworksBuildPhase section */
		F36CC73A29D444CF00ECFFFF /* Frameworks */ = {
			isa = PBXFrameworksBuildPhase;
			buildActionMask = 2147483647;
			files = (
			);
			runOnlyForDeploymentPostprocessing = 0;
		};
/* End PBXFrameworksBuildPhase section */

/* Begin PBXGroup section */
		F36CC73429D444CF00ECFFFF = {
			isa = PBXGroup;
			children = (
				F36CC73F29D444CF00ECFFFF /* Architecture_MVP */,
				F36CC73E29D444CF00ECFFFF /* Products */,
			);
			sourceTree = "<group>";
		};
		F36CC73E29D444CF00ECFFFF /* Products */ = {
			isa = PBXGroup;
			children = (
				F36CC73D29D444CF00ECFFFF /* Architecture_MVP.app */,
			);
			name = Products;
			sourceTree = "<group>";
		};
		F36CC73F29D444CF00ECFFFF /* Architecture_MVP */ = {
			isa = PBXGroup;
			children = (
				F36CC74029D444CF00ECFFFF /* AppDelegate.swift */,
				F36CC74229D444CF00ECFFFF /* SceneDelegate.swift */,
				F3C1C72529D781E60018F1ED /* Model */,
				F3C1C72629D781EC0018F1ED /* View */,
				F3C1C72729D781F50018F1ED /* Presenter */,
				F36CC74629D444CF00ECFFFF /* Main.storyboard */,
				F36CC74929D444D100ECFFFF /* Assets.xcassets */,
				F36CC74B29D444D100ECFFFF /* LaunchScreen.storyboard */,
				F36CC74E29D444D100ECFFFF /* Info.plist */,
			);
			path = Architecture_MVP;
			sourceTree = "<group>";
		};
		F3C1C72529D781E60018F1ED /* Model */ = {
			isa = PBXGroup;
			children = (
				F3C1C72829D782C80018F1ED /* Task.swift */,
				F3C1C72A29D783840018F1ED /* TaskDatabase.swift */,
			);
			path = Model;
			sourceTree = "<group>";
		};
		F3C1C72629D781EC0018F1ED /* View */ = {
			isa = PBXGroup;
			children = (
				F36CC74429D444CF00ECFFFF /* ListOfTasksView.swift */,
				F3C1C72E29D7997C0018F1ED /* TaskCollectionViewCell.swift */,
			);
			path = View;
			sourceTree = "<group>";
		};
		F3C1C72729D781F50018F1ED /* Presenter */ = {
			isa = PBXGroup;
			children = (
				F3C1C72C29D786820018F1ED /* TaskPresenter.swift */,
			);
			path = Presenter;
			sourceTree = "<group>";
		};
/* End PBXGroup section */

/* Begin PBXNativeTarget section */
		F36CC73C29D444CF00ECFFFF /* Architecture_MVP */ = {
			isa = PBXNativeTarget;
			buildConfigurationList = F36CC75129D444D100ECFFFF /* Build configuration list for PBXNativeTarget "Architecture_MVP" */;
			buildPhases = (
				F36CC73929D444CF00ECFFFF /* Sources */,
				F36CC73A29D444CF00ECFFFF /* Frameworks */,
				F36CC73B29D444CF00ECFFFF /* Resources */,
			);
			buildRules = (
			);
			dependencies = (
			);
			name = Architecture_MVP;
			productName = Architecture_MVP;
			productReference = F36CC73D29D444CF00ECFFFF /* Architecture_MVP.app */;
			productType = "com.apple.product-type.application";
		};
/* End PBXNativeTarget section */

/* Begin PBXProject section */
		F36CC73529D444CF00ECFFFF /* Project object */ = {
			isa = PBXProject;
			attributes = {
				BuildIndependentTargetsInParallel = 1;
				LastSwiftUpdateCheck = 1420;
				LastUpgradeCheck = 1420;
				TargetAttributes = {
					F36CC73C29D444CF00ECFFFF = {
						CreatedOnToolsVersion = 14.2;
					};
				};
			};
			buildConfigurationList = F36CC73829D444CF00ECFFFF /* Build configuration list for PBXProject "Architecture_MVP" */;
			compatibilityVersion = "Xcode 14.0";
			developmentRegion = en;
			hasScannedForEncodings = 0;
			knownRegions = (
				en,
				Base,
			);
			mainGroup = F36CC73429D444CF00ECFFFF;
			productRefGroup = F36CC73E29D444CF00ECFFFF /* Products */;
			projectDirPath = "";
			projectRoot = "";
			targets = (
				F36CC73C29D444CF00ECFFFF /* Architecture_MVP */,
			);
		};
/* End PBXProject section */

/* Begin PBXResourcesBuildPhase section */
		F36CC73B29D444CF00ECFFFF /* Resources */ = {
			isa = PBXResourcesBuildPhase;
			buildActionMask = 2147483647;
			files = (
				F36CC74D29D444D100ECFFFF /* LaunchScreen.storyboard in Resources */,
				F36CC74A29D444D100ECFFFF /* Assets.xcassets in Resources */,
				F36CC74829D444CF00ECFFFF /* Main.storyboard in Resources */,
			);
			runOnlyForDeploymentPostprocessing = 0;
		};
/* End PBXResourcesBuildPhase section */

/* Begin PBXSourcesBuildPhase section */
		F36CC73929D444CF00ECFFFF /* Sources */ = {
			isa = PBXSourcesBuildPhase;
			buildActionMask = 2147483647;
			files = (
				F3C1C72B29D783840018F1ED /* TaskDatabase.swift in Sources */,
				F3C1C72929D782C80018F1ED /* Task.swift in Sources */,
				F36CC74529D444CF00ECFFFF /* ListOfTasksView.swift in Sources */,
				F3C1C72D29D786820018F1ED /* TaskPresenter.swift in Sources */,
				F36CC74129D444CF00ECFFFF /* AppDelegate.swift in Sources */,
				F3C1C72F29D7997C0018F1ED /* TaskCollectionViewCell.swift in Sources */,
				F36CC74329D444CF00ECFFFF /* SceneDelegate.swift in Sources */,
			);
			runOnlyForDeploymentPostprocessing = 0;
		};
/* End PBXSourcesBuildPhase section */

/* Begin PBXVariantGroup section */
		F36CC74629D444CF00ECFFFF /* Main.storyboard */ = {
			isa = PBXVariantGroup;
			children = (
				F36CC74729D444CF00ECFFFF /* Base */,
			);
			name = Main.storyboard;
			sourceTree = "<group>";
		};
		F36CC74B29D444D100ECFFFF /* LaunchScreen.storyboard */ = {
			isa = PBXVariantGroup;
			children = (
				F36CC74C29D444D100ECFFFF /* Base */,
			);
			name = LaunchScreen.storyboard;
			sourceTree = "<group>";
		};
/* End PBXVariantGroup section */

/* Begin XCBuildConfiguration section */
		F36CC74F29D444D100ECFFFF /* Debug */ = {
			isa = XCBuildConfiguration;
			buildSettings = {
				ALWAYS_SEARCH_USER_PATHS = NO;
				CLANG_ANALYZER_NONNULL = YES;
				CLANG_ANALYZER_NUMBER_OBJECT_CONVERSION = YES_AGGRESSIVE;
				CLANG_CXX_LANGUAGE_STANDARD = "gnu++20";
				CLANG_ENABLE_MODULES = YES;
				CLANG_ENABLE_OBJC_ARC = YES;
				CLANG_ENABLE_OBJC_WEAK = YES;
				CLANG_WARN_BLOCK_CAPTURE_AUTORELEASING = YES;
				CLANG_WARN_BOOL_CONVERSION = YES;
				CLANG_WARN_COMMA = YES;
				CLANG_WARN_CONSTANT_CONVERSION = YES;
				CLANG_WARN_DEPRECATED_OBJC_IMPLEMENTATIONS = YES;
				CLANG_WARN_DIRECT_OBJC_ISA_USAGE = YES_ERROR;
				CLANG_WARN_DOCUMENTATION_COMMENTS = YES;
				CLANG_WARN_EMPTY_BODY = YES;
				CLANG_WARN_ENUM_CONVERSION = YES;
				CLANG_WARN_INFINITE_RECURSION = YES;
				CLANG_WARN_INT_CONVERSION = YES;
				CLANG_WARN_NON_LITERAL_NULL_CONVERSION = YES;
				CLANG_WARN_OBJC_IMPLICIT_RETAIN_SELF = YES;
				CLANG_WARN_OBJC_LITERAL_CONVERSION = YES;
				CLANG_WARN_OBJC_ROOT_CLASS = YES_ERROR;
				CLANG_WARN_QUOTED_INCLUDE_IN_FRAMEWORK_HEADER = YES;
				CLANG_WARN_RANGE_LOOP_ANALYSIS = YES;
				CLANG_WARN_STRICT_PROTOTYPES = YES;
				CLANG_WARN_SUSPICIOUS_MOVE = YES;
				CLANG_WARN_UNGUARDED_AVAILABILITY = YES_AGGRESSIVE;
				CLANG_WARN_UNREACHABLE_CODE = YES;
				CLANG_WARN__DUPLICATE_METHOD_MATCH = YES;
				COPY_PHASE_STRIP = NO;
				DEBUG_INFORMATION_FORMAT = dwarf;
				ENABLE_STRICT_OBJC_MSGSEND = YES;
				ENABLE_TESTABILITY = YES;
				GCC_C_LANGUAGE_STANDARD = gnu11;
				GCC_DYNAMIC_NO_PIC = NO;
				GCC_NO_COMMON_BLOCKS = YES;
				GCC_OPTIMIZATION_LEVEL = 0;
				GCC_PREPROCESSOR_DEFINITIONS = (
					"DEBUG=1",
					"$(inherited)",
				);
				GCC_WARN_64_TO_32_BIT_CONVERSION = YES;
				GCC_WARN_ABOUT_RETURN_TYPE = YES_ERROR;
				GCC_WARN_UNDECLARED_SELECTOR = YES;
				GCC_WARN_UNINITIALIZED_AUTOS = YES_AGGRESSIVE;
				GCC_WARN_UNUSED_FUNCTION = YES;
				GCC_WARN_UNUSED_VARIABLE = YES;
				IPHONEOS_DEPLOYMENT_TARGET = 16.2;
				MTL_ENABLE_DEBUG_INFO = INCLUDE_SOURCE;
				MTL_FAST_MATH = YES;
				ONLY_ACTIVE_ARCH = YES;
				SDKROOT = iphoneos;
				SWIFT_ACTIVE_COMPILATION_CONDITIONS = DEBUG;
				SWIFT_OPTIMIZATION_LEVEL = "-Onone";
			};
			name = Debug;
		};
		F36CC75029D444D100ECFFFF /* Release */ = {
			isa = XCBuildConfiguration;
			buildSettings = {
				ALWAYS_SEARCH_USER_PATHS = NO;
				CLANG_ANALYZER_NONNULL = YES;
				CLANG_ANALYZER_NUMBER_OBJECT_CONVERSION = YES_AGGRESSIVE;
				CLANG_CXX_LANGUAGE_STANDARD = "gnu++20";
				CLANG_ENABLE_MODULES = YES;
				CLANG_ENABLE_OBJC_ARC = YES;
				CLANG_ENABLE_OBJC_WEAK = YES;
				CLANG_WARN_BLOCK_CAPTURE_AUTORELEASING = YES;
				CLANG_WARN_BOOL_CONVERSION = YES;
				CLANG_WARN_COMMA = YES;
				CLANG_WARN_CONSTANT_CONVERSION = YES;
				CLANG_WARN_DEPRECATED_OBJC_IMPLEMENTATIONS = YES;
				CLANG_WARN_DIRECT_OBJC_ISA_USAGE = YES_ERROR;
				CLANG_WARN_DOCUMENTATION_COMMENTS = YES;
				CLANG_WARN_EMPTY_BODY = YES;
				CLANG_WARN_ENUM_CONVERSION = YES;
				CLANG_WARN_INFINITE_RECURSION = YES;
				CLANG_WARN_INT_CONVERSION = YES;
				CLANG_WARN_NON_LITERAL_NULL_CONVERSION = YES;
				CLANG_WARN_OBJC_IMPLICIT_RETAIN_SELF = YES;
				CLANG_WARN_OBJC_LITERAL_CONVERSION = YES;
				CLANG_WARN_OBJC_ROOT_CLASS = YES_ERROR;
				CLANG_WARN_QUOTED_INCLUDE_IN_FRAMEWORK_HEADER = YES;
				CLANG_WARN_RANGE_LOOP_ANALYSIS = YES;
				CLANG_WARN_STRICT_PROTOTYPES = YES;
				CLANG_WARN_SUSPICIOUS_MOVE = YES;
				CLANG_WARN_UNGUARDED_AVAILABILITY = YES_AGGRESSIVE;
				CLANG_WARN_UNREACHABLE_CODE = YES;
				CLANG_WARN__DUPLICATE_METHOD_MATCH = YES;
				COPY_PHASE_STRIP = NO;
				DEBUG_INFORMATION_FORMAT = "dwarf-with-dsym";
				ENABLE_NS_ASSERTIONS = NO;
				ENABLE_STRICT_OBJC_MSGSEND = YES;
				GCC_C_LANGUAGE_STANDARD = gnu11;
				GCC_NO_COMMON_BLOCKS = YES;
				GCC_WARN_64_TO_32_BIT_CONVERSION = YES;
				GCC_WARN_ABOUT_RETURN_TYPE = YES_ERROR;
				GCC_WARN_UNDECLARED_SELECTOR = YES;
				GCC_WARN_UNINITIALIZED_AUTOS = YES_AGGRESSIVE;
				GCC_WARN_UNUSED_FUNCTION = YES;
				GCC_WARN_UNUSED_VARIABLE = YES;
				IPHONEOS_DEPLOYMENT_TARGET = 16.2;
				MTL_ENABLE_DEBUG_INFO = NO;
				MTL_FAST_MATH = YES;
				SDKROOT = iphoneos;
				SWIFT_COMPILATION_MODE = wholemodule;
				SWIFT_OPTIMIZATION_LEVEL = "-O";
				VALIDATE_PRODUCT = YES;
			};
			name = Release;
		};
		F36CC75229D444D100ECFFFF /* Debug */ = {
			isa = XCBuildConfiguration;
			buildSettings = {
				ASSETCATALOG_COMPILER_APPICON_NAME = AppIcon;
				ASSETCATALOG_COMPILER_GLOBAL_ACCENT_COLOR_NAME = AccentColor;
				CODE_SIGN_STYLE = Automatic;
				CURRENT_PROJECT_VERSION = 1;
				GENERATE_INFOPLIST_FILE = YES;
				INFOPLIST_FILE = Architecture_MVP/Info.plist;
				INFOPLIST_KEY_UIApplicationSupportsIndirectInputEvents = YES;
				INFOPLIST_KEY_UILaunchStoryboardName = LaunchScreen;
				INFOPLIST_KEY_UIMainStoryboardFile = Main;
				INFOPLIST_KEY_UISupportedInterfaceOrientations_iPad = "UIInterfaceOrientationPortrait UIInterfaceOrientationPortraitUpsideDown UIInterfaceOrientationLandscapeLeft UIInterfaceOrientationLandscapeRight";
				INFOPLIST_KEY_UISupportedInterfaceOrientations_iPhone = "UIInterfaceOrientationPortrait UIInterfaceOrientationLandscapeLeft UIInterfaceOrientationLandscapeRight";
				LD_RUNPATH_SEARCH_PATHS = (
					"$(inherited)",
					"@executable_path/Frameworks",
				);
				MARKETING_VERSION = 1.0;
				PRODUCT_BUNDLE_IDENTIFIER = "MPiccato.Architecture-MVP";
				PRODUCT_NAME = "$(TARGET_NAME)";
				SWIFT_EMIT_LOC_STRINGS = YES;
				SWIFT_VERSION = 5.0;
				TARGETED_DEVICE_FAMILY = "1,2";
			};
			name = Debug;
		};
		F36CC75329D444D100ECFFFF /* Release */ = {
			isa = XCBuildConfiguration;
			buildSettings = {
				ASSETCATALOG_COMPILER_APPICON_NAME = AppIcon;
				ASSETCATALOG_COMPILER_GLOBAL_ACCENT_COLOR_NAME = AccentColor;
				CODE_SIGN_STYLE = Automatic;
				CURRENT_PROJECT_VERSION = 1;
				GENERATE_INFOPLIST_FILE = YES;
				INFOPLIST_FILE = Architecture_MVP/Info.plist;
				INFOPLIST_KEY_UIApplicationSupportsIndirectInputEvents = YES;
				INFOPLIST_KEY_UILaunchStoryboardName = LaunchScreen;
				INFOPLIST_KEY_UIMainStoryboardFile = Main;
				INFOPLIST_KEY_UISupportedInterfaceOrientations_iPad = "UIInterfaceOrientationPortrait UIInterfaceOrientationPortraitUpsideDown UIInterfaceOrientationLandscapeLeft UIInterfaceOrientationLandscapeRight";
				INFOPLIST_KEY_UISupportedInterfaceOrientations_iPhone = "UIInterfaceOrientationPortrait UIInterfaceOrientationLandscapeLeft UIInterfaceOrientationLandscapeRight";
				LD_RUNPATH_SEARCH_PATHS = (
					"$(inherited)",
					"@executable_path/Frameworks",
				);
				MARKETING_VERSION = 1.0;
				PRODUCT_BUNDLE_IDENTIFIER = "MPiccato.Architecture-MVP";
				PRODUCT_NAME = "$(TARGET_NAME)";
				SWIFT_EMIT_LOC_STRINGS = YES;
				SWIFT_VERSION = 5.0;
				TARGETED_DEVICE_FAMILY = "1,2";
			};
			name = Release;
		};
/* End XCBuildConfiguration section */

/* Begin XCConfigurationList section */
		F36CC73829D444CF00ECFFFF /* Build configuration list for PBXProject "Architecture_MVP" */ = {
			isa = XCConfigurationList;
			buildConfigurations = (
				F36CC74F29D444D100ECFFFF /* Debug */,
				F36CC75029D444D100ECFFFF /* Release */,
			);
			defaultConfigurationIsVisible = 0;
			defaultConfigurationName = Release;
		};
		F36CC75129D444D100ECFFFF /* Build configuration list for PBXNativeTarget "Architecture_MVP" */ = {
			isa = XCConfigurationList;
			buildConfigurations = (
				F36CC75229D444D100ECFFFF /* Debug */,
				F36CC75329D444D100ECFFFF /* Release */,
			);
			defaultConfigurationIsVisible = 0;
			defaultConfigurationName = Release;
		};
/* End XCConfigurationList section */
	};
	rootObject = F36CC73529D444CF00ECFFFF /* Project object */;
}
